// !$*UTF8*$!
{
	archiveVersion = 1;
	classes = {
	};
	objectVersion = 46;
	objects = {

/* Begin PBXBuildFile section */
		2CE7E4541A22124600B3691F /* main.m in Sources */ = {isa = PBXBuildFile; fileRef = 2CE7E4531A22124600B3691F /* main.m */; };
		2CE7E4571A22124600B3691F /* AppDelegate.m in Sources */ = {isa = PBXBuildFile; fileRef = 2CE7E4561A22124600B3691F /* AppDelegate.m */; };
		2CE7E45A1A22124600B3691F /* ViewController.m in Sources */ = {isa = PBXBuildFile; fileRef = 2CE7E4591A22124600B3691F /* ViewController.m */; };
		2CE7E45D1A22124600B3691F /* Main.storyboard in Resources */ = {isa = PBXBuildFile; fileRef = 2CE7E45B1A22124600B3691F /* Main.storyboard */; };
		2CE7E45F1A22124600B3691F /* Images.xcassets in Resources */ = {isa = PBXBuildFile; fileRef = 2CE7E45E1A22124600B3691F /* Images.xcassets */; };
		2CE7E46B1A22124600B3691F /* PSH03Tests.m in Sources */ = {isa = PBXBuildFile; fileRef = 2CE7E46A1A22124600B3691F /* PSH03Tests.m */; };
		2CF4A80F1A2381A400279C3D /* CalculatorBrain.m in Sources */ = {isa = PBXBuildFile; fileRef = 2CF4A80E1A2381A400279C3D /* CalculatorBrain.m */; };
/* End PBXBuildFile section */

/* Begin PBXContainerItemProxy section */
		2CE7E4651A22124600B3691F /* PBXContainerItemProxy */ = {
			isa = PBXContainerItemProxy;
			containerPortal = 2CE7E4461A22124600B3691F /* Project object */;
			proxyType = 1;
			remoteGlobalIDString = 2CE7E44D1A22124600B3691F;
			remoteInfo = PSH03;
		};
/* End PBXContainerItemProxy section */

/* Begin PBXFileReference section */
		2CE7E44E1A22124600B3691F /* PSH03.app */ = {isa = PBXFileReference; explicitFileType = wrapper.application; includeInIndex = 0; path = PSH03.app; sourceTree = BUILT_PRODUCTS_DIR; };
		2CE7E4521A22124600B3691F /* Info.plist */ = {isa = PBXFileReference; lastKnownFileType = text.plist.xml; path = Info.plist; sourceTree = "<group>"; };
		2CE7E4531A22124600B3691F /* main.m */ = {isa = PBXFileReference; lastKnownFileType = sourcecode.c.objc; path = main.m; sourceTree = "<group>"; };
		2CE7E4551A22124600B3691F /* AppDelegate.h */ = {isa = PBXFileReference; lastKnownFileType = sourcecode.c.h; path = AppDelegate.h; sourceTree = "<group>"; };
		2CE7E4561A22124600B3691F /* AppDelegate.m */ = {isa = PBXFileReference; lastKnownFileType = sourcecode.c.objc; path = AppDelegate.m; sourceTree = "<group>"; };
		2CE7E4581A22124600B3691F /* ViewController.h */ = {isa = PBXFileReference; lastKnownFileType = sourcecode.c.h; path = ViewController.h; sourceTree = "<group>"; };
		2CE7E4591A22124600B3691F /* ViewController.m */ = {isa = PBXFileReference; lastKnownFileType = sourcecode.c.objc; path = ViewController.m; sourceTree = "<group>"; };
		2CE7E45C1A22124600B3691F /* Base */ = {isa = PBXFileReference; lastKnownFileType = file.storyboard; name = Base; path = Base.lproj/Main.storyboard; sourceTree = "<group>"; };
		2CE7E45E1A22124600B3691F /* Images.xcassets */ = {isa = PBXFileReference; lastKnownFileType = folder.assetcatalog; path = Images.xcassets; sourceTree = "<group>"; };
		2CE7E4641A22124600B3691F /* PSH03Tests.xctest */ = {isa = PBXFileReference; explicitFileType = wrapper.cfbundle; includeInIndex = 0; path = PSH03Tests.xctest; sourceTree = BUILT_PRODUCTS_DIR; };
		2CE7E4691A22124600B3691F /* Info.plist */ = {isa = PBXFileReference; lastKnownFileType = text.plist.xml; path = Info.plist; sourceTree = "<group>"; };
		2CE7E46A1A22124600B3691F /* PSH03Tests.m */ = {isa = PBXFileReference; lastKnownFileType = sourcecode.c.objc; path = PSH03Tests.m; sourceTree = "<group>"; };
		2CF4A80D1A2381A400279C3D /* CalculatorBrain.h */ = {isa = PBXFileReference; fileEncoding = 4; lastKnownFileType = sourcecode.c.h; path = CalculatorBrain.h; sourceTree = "<group>"; };
		2CF4A80E1A2381A400279C3D /* CalculatorBrain.m */ = {isa = PBXFileReference; fileEncoding = 4; lastKnownFileType = sourcecode.c.objc; path = CalculatorBrain.m; sourceTree = "<group>"; };
/* End PBXFileReference section */

/* Begin PBXFrameworksBuildPhase section */
		2CE7E44B1A22124600B3691F /* Frameworks */ = {
			isa = PBXFrameworksBuildPhase;
			buildActionMask = 2147483647;
			files = (
			);
			runOnlyForDeploymentPostprocessing = 0;
		};
		2CE7E4611A22124600B3691F /* Frameworks */ = {
			isa = PBXFrameworksBuildPhase;
			buildActionMask = 2147483647;
			files = (
			);
			runOnlyForDeploymentPostprocessing = 0;
		};
/* End PBXFrameworksBuildPhase section */

/* Begin PBXGroup section */
		2CE7E4451A22124600B3691F = {
			isa = PBXGroup;
			children = (
				2CE7E4501A22124600B3691F /* PSH03 */,
				2CE7E4671A22124600B3691F /* PSH03Tests */,
				2CE7E44F1A22124600B3691F /* Products */,
			);
			sourceTree = "<group>";
		};
		2CE7E44F1A22124600B3691F /* Products */ = {
			isa = PBXGroup;
			children = (
				2CE7E44E1A22124600B3691F /* PSH03.app */,
				2CE7E4641A22124600B3691F /* PSH03Tests.xctest */,
			);
			name = Products;
			sourceTree = "<group>";
		};
		2CE7E4501A22124600B3691F /* PSH03 */ = {
			isa = PBXGroup;
			children = (
				2CE7E4551A22124600B3691F /* AppDelegate.h */,
				2CE7E4561A22124600B3691F /* AppDelegate.m */,
				2CE7E4581A22124600B3691F /* ViewController.h */,
				2CE7E4591A22124600B3691F /* ViewController.m */,
				2CF4A80D1A2381A400279C3D /* CalculatorBrain.h */,
				2CF4A80E1A2381A400279C3D /* CalculatorBrain.m */,
				2CE7E45B1A22124600B3691F /* Main.storyboard */,
				2CE7E45E1A22124600B3691F /* Images.xcassets */,
				2CE7E4511A22124600B3691F /* Supporting Files */,
			);
			path = PSH03;
			sourceTree = "<group>";
		};
		2CE7E4511A22124600B3691F /* Supporting Files */ = {
			isa = PBXGroup;
			children = (
				2CE7E4521A22124600B3691F /* Info.plist */,
				2CE7E4531A22124600B3691F /* main.m */,
			);
			name = "Supporting Files";
			sourceTree = "<group>";
		};
		2CE7E4671A22124600B3691F /* PSH03Tests */ = {
			isa = PBXGroup;
			children = (
				2CE7E46A1A22124600B3691F /* PSH03Tests.m */,
				2CE7E4681A22124600B3691F /* Supporting Files */,
			);
			path = PSH03Tests;
			sourceTree = "<group>";
		};
		2CE7E4681A22124600B3691F /* Supporting Files */ = {
			isa = PBXGroup;
			children = (
				2CE7E4691A22124600B3691F /* Info.plist */,
			);
			name = "Supporting Files";
			sourceTree = "<group>";
		};
/* End PBXGroup section */

/* Begin PBXNativeTarget section */
		2CE7E44D1A22124600B3691F /* PSH03 */ = {
			isa = PBXNativeTarget;
			buildConfigurationList = 2CE7E46E1A22124600B3691F /* Build configuration list for PBXNativeTarget "PSH03" */;
			buildPhases = (
				2CE7E44A1A22124600B3691F /* Sources */,
				2CE7E44B1A22124600B3691F /* Frameworks */,
				2CE7E44C1A22124600B3691F /* Resources */,
			);
			buildRules = (
			);
			dependencies = (
			);
			name = PSH03;
			productName = PSH03;
			productReference = 2CE7E44E1A22124600B3691F /* PSH03.app */;
			productType = "com.apple.product-type.application";
		};
		2CE7E4631A22124600B3691F /* PSH03Tests */ = {
			isa = PBXNativeTarget;
			buildConfigurationList = 2CE7E4711A22124600B3691F /* Build configuration list for PBXNativeTarget "PSH03Tests" */;
			buildPhases = (
				2CE7E4601A22124600B3691F /* Sources */,
				2CE7E4611A22124600B3691F /* Frameworks */,
				2CE7E4621A22124600B3691F /* Resources */,
			);
			buildRules = (
			);
			dependencies = (
				2CE7E4661A22124600B3691F /* PBXTargetDependency */,
			);
			name = PSH03Tests;
			productName = PSH03Tests;
			productReference = 2CE7E4641A22124600B3691F /* PSH03Tests.xctest */;
			productType = "com.apple.product-type.bundle.unit-test";
		};
/* End PBXNativeTarget section */

/* Begin PBXProject section */
		2CE7E4461A22124600B3691F /* Project object */ = {
			isa = PBXProject;
			attributes = {
				LastUpgradeCheck = 0600;
				ORGANIZATIONNAME = Ivan;
				TargetAttributes = {
					2CE7E44D1A22124600B3691F = {
						CreatedOnToolsVersion = 6.0;
					};
					2CE7E4631A22124600B3691F = {
						CreatedOnToolsVersion = 6.0;
						TestTargetID = 2CE7E44D1A22124600B3691F;
					};
				};
			};
			buildConfigurationList = 2CE7E4491A22124600B3691F /* Build configuration list for PBXProject "PSH03" */;
			compatibilityVersion = "Xcode 3.2";
			developmentRegion = English;
			hasScannedForEncodings = 0;
			knownRegions = (
				en,
				Base,
			);
			mainGroup = 2CE7E4451A22124600B3691F;
			productRefGroup = 2CE7E44F1A22124600B3691F /* Products */;
			projectDirPath = "";
			projectRoot = "";
			targets = (
				2CE7E44D1A22124600B3691F /* PSH03 */,
				2CE7E4631A22124600B3691F /* PSH03Tests */,
			);
		};
/* End PBXProject section */

/* Begin PBXResourcesBuildPhase section */
		2CE7E44C1A22124600B3691F /* Resources */ = {
			isa = PBXResourcesBuildPhase;
			buildActionMask = 2147483647;
			files = (
				2CE7E45D1A22124600B3691F /* Main.storyboard in Resources */,
				2CE7E45F1A22124600B3691F /* Images.xcassets in Resources */,
			);
			runOnlyForDeploymentPostprocessing = 0;
		};
		2CE7E4621A22124600B3691F /* Resources */ = {
			isa = PBXResourcesBuildPhase;
			buildActionMask = 2147483647;
			files = (
			);
			runOnlyForDeploymentPostprocessing = 0;
		};
/* End PBXResourcesBuildPhase section */

/* Begin PBXSourcesBuildPhase section */
		2CE7E44A1A22124600B3691F /* Sources */ = {
			isa = PBXSourcesBuildPhase;
			buildActionMask = 2147483647;
			files = (
				2CE7E45A1A22124600B3691F /* ViewController.m in Sources */,
				2CE7E4571A22124600B3691F /* AppDelegate.m in Sources */,
				2CF4A80F1A2381A400279C3D /* CalculatorBrain.m in Sources */,
				2CE7E4541A22124600B3691F /* main.m in Sources */,
			);
			runOnlyForDeploymentPostprocessing = 0;
		};
		2CE7E4601A22124600B3691F /* Sources */ = {
			isa = PBXSourcesBuildPhase;
			buildActionMask = 2147483647;
			files = (
				2CE7E46B1A22124600B3691F /* PSH03Tests.m in Sources */,
			);
			runOnlyForDeploymentPostprocessing = 0;
		};
/* End PBXSourcesBuildPhase section */

/* Begin PBXTargetDependency section */
		2CE7E4661A22124600B3691F /* PBXTargetDependency */ = {
			isa = PBXTargetDependency;
			target = 2CE7E44D1A22124600B3691F /* PSH03 */;
			targetProxy = 2CE7E4651A22124600B3691F /* PBXContainerItemProxy */;
		};
/* End PBXTargetDependency section */

/* Begin PBXVariantGroup section */
		2CE7E45B1A22124600B3691F /* Main.storyboard */ = {
			isa = PBXVariantGroup;
			children = (
				2CE7E45C1A22124600B3691F /* Base */,
			);
			name = Main.storyboard;
			sourceTree = "<group>";
		};
/* End PBXVariantGroup section */

/* Begin XCBuildConfiguration section */
		2CE7E46C1A22124600B3691F /* Debug */ = {
			isa = XCBuildConfiguration;
			buildSettings = {
				ALWAYS_SEARCH_USER_PATHS = NO;
				CLANG_CXX_LANGUAGE_STANDARD = "gnu++0x";
				CLANG_CXX_LIBRARY = "libc++";
				CLANG_ENABLE_MODULES = YES;
				CLANG_ENABLE_OBJC_ARC = YES;
				CLANG_WARN_BOOL_CONVERSION = YES;
				CLANG_WARN_CONSTANT_CONVERSION = YES;
				CLANG_WARN_DIRECT_OBJC_ISA_USAGE = YES_ERROR;
				CLANG_WARN_EMPTY_BODY = YES;
				CLANG_WARN_ENUM_CONVERSION = YES;
				CLANG_WARN_INT_CONVERSION = YES;
				CLANG_WARN_OBJC_ROOT_CLASS = YES_ERROR;
				CLANG_WARN_UNREACHABLE_CODE = YES;
				CLANG_WARN__DUPLICATE_METHOD_MATCH = YES;
				"CODE_SIGN_IDENTITY[sdk=iphoneos*]" = "iPhone Developer";
				COPY_PHASE_STRIP = NO;
				ENABLE_NS_ASSERTIONS = YES;
				ENABLE_STRICT_OBJC_MSGSEND = YES;
				GCC_C_LANGUAGE_STANDARD = gnu99;
				GCC_DYNAMIC_NO_PIC = NO;
				GCC_OPTIMIZATION_LEVEL = 0;
				GCC_PREPROCESSOR_DEFINITIONS = (
					"DEBUG=1",
					"$(inherited)",
				);
				GCC_SYMBOLS_PRIVATE_EXTERN = NO;
				GCC_WARN_64_TO_32_BIT_CONVERSION = YES;
				GCC_WARN_ABOUT_RETURN_TYPE = YES_ERROR;
				GCC_WARN_UNDECLARED_SELECTOR = YES;
				GCC_WARN_UNINITIALIZED_AUTOS = YES_AGGRESSIVE;
				GCC_WARN_UNUSED_FUNCTION = YES;
				GCC_WARN_UNUSED_VARIABLE = YES;
				IPHONEOS_DEPLOYMENT_TARGET = 8.0;
				MTL_ENABLE_DEBUG_INFO = YES;
				ONLY_ACTIVE_ARCH = YES;
				SDKROOT = iphoneos;
			};
			name = Debug;
		};
		2CE7E46D1A22124600B3691F /* Release */ = {
			isa = XCBuildConfiguration;
			buildSettings = {
				ALWAYS_SEARCH_USER_PATHS = NO;
				CLANG_CXX_LANGUAGE_STANDARD = "gnu++0x";
				CLANG_CXX_LIBRARY = "libc++";
				CLANG_ENABLE_MODULES = YES;
				CLANG_ENABLE_OBJC_ARC = YES;
				CLANG_WARN_BOOL_CONVERSION = YES;
				CLANG_WARN_CONSTANT_CONVERSION = YES;
				CLANG_WARN_DIRECT_OBJC_ISA_USAGE = YES_ERROR;
				CLANG_WARN_EMPTY_BODY = YES;
				CLANG_WARN_ENUM_CONVERSION = YES;
				CLANG_WARN_INT_CONVERSION = YES;
				CLANG_WARN_OBJC_ROOT_CLASS = YES_ERROR;
				CLANG_WARN_UNREACHABLE_CODE = YES;
				CLANG_WARN__DUPLICATE_METHOD_MATCH = YES;
				"CODE_SIGN_IDENTITY[sdk=iphoneos*]" = "iPhone Developer";
				COPY_PHASE_STRIP = YES;
				ENABLE_NS_ASSERTIONS = YES;
				ENABLE_STRICT_OBJC_MSGSEND = YES;
				GCC_C_LANGUAGE_STANDARD = gnu99;
				GCC_WARN_64_TO_32_BIT_CONVERSION = YES;
				GCC_WARN_ABOUT_RETURN_TYPE = YES_ERROR;
				GCC_WARN_UNDECLARED_SELECTOR = YES;
				GCC_WARN_UNINITIALIZED_AUTOS = YES_AGGRESSIVE;
				GCC_WARN_UNUSED_FUNCTION = YES;
				GCC_WARN_UNUSED_VARIABLE = YES;
				IPHONEOS_DEPLOYMENT_TARGET = 8.0;
				MTL_ENABLE_DEBUG_INFO = NO;
				SDKROOT = iphoneos;
				VALIDATE_PRODUCT = YES;
			};
			name = Release;
		};
		2CE7E46F1A22124600B3691F /* Debug */ = {
			isa = XCBuildConfiguration;
			buildSettings = {
				ASSETCATALOG_COMPILER_APPICON_NAME = AppIcon;
				ASSETCATALOG_COMPILER_LAUNCHIMAGE_NAME = LaunchImage;
				ENABLE_NS_ASSERTIONS = NO;
				INFOPLIST_FILE = PSH03/Info.plist;
				LD_RUNPATH_SEARCH_PATHS = "$(inherited) @executable_path/Frameworks";
				PRODUCT_NAME = "$(TARGET_NAME)";
			};
			name = Debug;
		};
		2CE7E4701A22124600B3691F /* Release */ = {
			isa = XCBuildConfiguration;
			buildSettings = {
				ASSETCATALOG_COMPILER_APPICON_NAME = AppIcon;
				ASSETCATALOG_COMPILER_LAUNCHIMAGE_NAME = LaunchImage;
				ENABLE_NS_ASSERTIONS = NO;
				INFOPLIST_FILE = PSH03/Info.plist;
				LD_RUNPATH_SEARCH_PATHS = "$(inherited) @executable_path/Frameworks";
				PRODUCT_NAME = "$(TARGET_NAME)";
			};
			name = Release;
		};
		2CE7E4721A22124600B3691F /* Debug */ = {
			isa = XCBuildConfiguration;
			buildSettings = {
				BUNDLE_LOADER = "$(TEST_HOST)";
				FRAMEWORK_SEARCH_PATHS = (
					"$(SDKROOT)/Developer/Library/Frameworks",
					"$(inherited)",
				);
				GCC_PREPROCESSOR_DEFINITIONS = (
					"DEBUG=1",
					"$(inherited)",
				);
				INFOPLIST_FILE = PSH03Tests/Info.plist;
				LD_RUNPATH_SEARCH_PATHS = "$(inherited) @executable_path/Frameworks @loader_path/Frameworks";
				PRODUCT_NAME = "$(TARGET_NAME)";
				TEST_HOST = "$(BUILT_PRODUCTS_DIR)/PSH03.app/PSH03";
			};
			name = Debug;
		};
		2CE7E4731A22124600B3691F /* Release */ = {
			isa = XCBuildConfiguration;
			buildSettings = {
				BUNDLE_LOADER = "$(TEST_HOST)";
				FRAMEWORK_SEARCH_PATHS = (
					"$(SDKROOT)/Developer/Library/Frameworks",
					"$(inherited)",
				);
				INFOPLIST_FILE = PSH03Tests/Info.plist;
				LD_RUNPATH_SEARCH_PATHS = "$(inherited) @executable_path/Frameworks @loader_path/Frameworks";
				PRODUCT_NAME = "$(TARGET_NAME)";
				TEST_HOST = "$(BUILT_PRODUCTS_DIR)/PSH03.app/PSH03";
			};
			name = Release;
		};
/* End XCBuildConfiguration section */

/* Begin XCConfigurationList section */
		2CE7E4491A22124600B3691F /* Build configuration list for PBXProject "PSH03" */ = {
			isa = XCConfigurationList;
			buildConfigurations = (
				2CE7E46C1A22124600B3691F /* Debug */,
				2CE7E46D1A22124600B3691F /* Release */,
			);
			defaultConfigurationIsVisible = 0;
			defaultConfigurationName = Release;
		};
		2CE7E46E1A22124600B3691F /* Build configuration list for PBXNativeTarget "PSH03" */ = {
			isa = XCConfigurationList;
			buildConfigurations = (
				2CE7E46F1A22124600B3691F /* Debug */,
				2CE7E4701A22124600B3691F /* Release */,
			);
			defaultConfigurationIsVisible = 0;
			defaultConfigurationName = Release;
		};
		2CE7E4711A22124600B3691F /* Build configuration list for PBXNativeTarget "PSH03Tests" */ = {
			isa = XCConfigurationList;
			buildConfigurations = (
				2CE7E4721A22124600B3691F /* Debug */,
				2CE7E4731A22124600B3691F /* Release */,
			);
			defaultConfigurationIsVisible = 0;
			defaultConfigurationName = Release;
		};
/* End XCConfigurationList section */
	};
	rootObject = 2CE7E4461A22124600B3691F /* Project object */;
}
